
Microsoft Visual Studio Solution File, Format Version 12.00
# Visual Studio Version 16
VisualStudioVersion = 16.0.30611.23
MinimumVisualStudioVersion = 10.0.40219.1
Project("{FAE04EC0-301F-11D3-BF4B-00C04F79EFBC}") = "News.Web", "News.Web\News.Web.csproj", "{C20A306F-4B7A-47AC-8D23-26BDD54A621F}"
EndProject
Project("{FAE04EC0-301F-11D3-BF4B-00C04F79EFBC}") = "News.DataLayer", "News.DataLayer\News.DataLayer.csproj", "{3959D7C1-F3A9-45AA-B51B-289F446EBD71}"
EndProject
Project("{FAE04EC0-301F-11D3-BF4B-00C04F79EFBC}") = "News.Datamodel", "News.Datamodel\News.Datamodel.csproj", "{483FADF9-7EE4-4E8F-BC64-57C9D1207CA7}"
EndProject
Global
	GlobalSection(SolutionConfigurationPlatforms) = preSolution
		Debug|Any CPU = Debug|Any CPU
		Release|Any CPU = Release|Any CPU
	EndGlobalSection
	GlobalSection(ProjectConfigurationPlatforms) = postSolution
		{C20A306F-4B7A-47AC-8D23-26BDD54A621F}.Debug|Any CPU.ActiveCfg = Debug|Any CPU
		{C20A306F-4B7A-47AC-8D23-26BDD54A621F}.Debug|Any CPU.Build.0 = Debug|Any CPU
		{C20A306F-4B7A-47AC-8D23-26BDD54A621F}.Release|Any CPU.ActiveCfg = Release|Any CPU
		{C20A306F-4B7A-47AC-8D23-26BDD54A621F}.Release|Any CPU.Build.0 = Release|Any CPU
		{3959D7C1-F3A9-45AA-B51B-289F446EBD71}.Debug|Any CPU.ActiveCfg = Debug|Any CPU
		{3959D7C1-F3A9-45AA-B51B-289F446EBD71}.Debug|Any CPU.Build.0 = Debug|Any CPU
		{3959D7C1-F3A9-45AA-B51B-289F446EBD71}.Release|Any CPU.ActiveCfg = Release|Any CPU
		{3959D7C1-F3A9-45AA-B51B-289F446EBD71}.Release|Any CPU.Build.0 = Release|Any CPU
		{483FADF9-7EE4-4E8F-BC64-57C9D1207CA7}.Debug|Any CPU.ActiveCfg = Debug|Any CPU
		{483FADF9-7EE4-4E8F-BC64-57C9D1207CA7}.Debug|Any CPU.Build.0 = Debug|Any CPU
		{483FADF9-7EE4-4E8F-BC64-57C9D1207CA7}.Release|Any CPU.ActiveCfg = Release|Any CPU
		{483FADF9-7EE4-4E8F-BC64-57C9D1207CA7}.Release|Any CPU.Build.0 = Release|Any CPU
	EndGlobalSection
	GlobalSection(SolutionProperties) = preSolution
		HideSolutionNode = FALSE
	EndGlobalSection
	GlobalSection(ExtensibilityGlobals) = postSolution
		SolutionGuid = {52A92809-369B-4706-8E63-ADC764797502}
	EndGlobalSection
EndGlobal
